// !$*UTF8*$!
{
	archiveVersion = 1;
	classes = {
	};
	objectVersion = 50;
	objects = {

/* Begin PBXBuildFile section */
		79144401250B34D3006CF82C /* home_screen.png in Resources */ = {isa = PBXBuildFile; fileRef = 79144400250B34D3006CF82C /* home_screen.png */; };
		7915091C250F06DA006B939C /* empty_button_small.png in Resources */ = {isa = PBXBuildFile; fileRef = 7915091B250F06D9006B939C /* empty_button_small.png */; };
		792502CE250727BF004283D5 /* AppDelegate.m in Sources */ = {isa = PBXBuildFile; fileRef = 792502CD250727BF004283D5 /* AppDelegate.m */; };
		792502D1250727BF004283D5 /* SceneDelegate.m in Sources */ = {isa = PBXBuildFile; fileRef = 792502D0250727BF004283D5 /* SceneDelegate.m */; };
		792502D4250727BF004283D5 /* FirstViewController.m in Sources */ = {isa = PBXBuildFile; fileRef = 792502D3250727BF004283D5 /* FirstViewController.m */; };
		792502D7250727BF004283D5 /* Main.storyboard in Resources */ = {isa = PBXBuildFile; fileRef = 792502D5250727BF004283D5 /* Main.storyboard */; };
		792502DA250727BF004283D5 /* LoginApplication.xcdatamodeld in Sources */ = {isa = PBXBuildFile; fileRef = 792502D8250727BF004283D5 /* LoginApplication.xcdatamodeld */; };
		792502DC250727D9004283D5 /* Assets.xcassets in Resources */ = {isa = PBXBuildFile; fileRef = 792502DB250727D9004283D5 /* Assets.xcassets */; };
		792502DF250727D9004283D5 /* LaunchScreen.storyboard in Resources */ = {isa = PBXBuildFile; fileRef = 792502DD250727D9004283D5 /* LaunchScreen.storyboard */; };
		792502E2250727D9004283D5 /* main.m in Sources */ = {isa = PBXBuildFile; fileRef = 792502E1250727D9004283D5 /* main.m */; };
		792502EC250727DA004283D5 /* LoginApplicationTests.m in Sources */ = {isa = PBXBuildFile; fileRef = 792502EB250727DA004283D5 /* LoginApplicationTests.m */; };
		792502F7250727DA004283D5 /* LoginApplicationUITests.m in Sources */ = {isa = PBXBuildFile; fileRef = 792502F6250727DA004283D5 /* LoginApplicationUITests.m */; };
		79FF81072521A0E80003FADE /* SecondVC.m in Sources */ = {isa = PBXBuildFile; fileRef = 79FF81062521A0E80003FADE /* SecondVC.m */; };
		79FF810A2521A39F0003FADE /* empty_square_button.png in Resources */ = {isa = PBXBuildFile; fileRef = 79FF81092521A39E0003FADE /* empty_square_button.png */; };
		79FFE62D250DFEEE00DD0249 /* splash.png in Resources */ = {isa = PBXBuildFile; fileRef = 79FFE62C250DFEEE00DD0249 /* splash.png */; };
		79FFE630250E070C00DD0249 /* home_bg.png in Resources */ = {isa = PBXBuildFile; fileRef = 79FFE62F250E070B00DD0249 /* home_bg.png */; };
/* End PBXBuildFile section */

/* Begin PBXContainerItemProxy section */
		792502E8250727DA004283D5 /* PBXContainerItemProxy */ = {
			isa = PBXContainerItemProxy;
			containerPortal = 792502C1250727BE004283D5 /* Project object */;
			proxyType = 1;
			remoteGlobalIDString = 792502C8250727BF004283D5;
			remoteInfo = LoginApplication;
		};
		792502F3250727DA004283D5 /* PBXContainerItemProxy */ = {
			isa = PBXContainerItemProxy;
			containerPortal = 792502C1250727BE004283D5 /* Project object */;
			proxyType = 1;
			remoteGlobalIDString = 792502C8250727BF004283D5;
			remoteInfo = LoginApplication;
		};
/* End PBXContainerItemProxy section */

/* Begin PBXFileReference section */
		79144400250B34D3006CF82C /* home_screen.png */ = {isa = PBXFileReference; lastKnownFileType = image.png; path = home_screen.png; sourceTree = "<group>"; };
		7915091B250F06D9006B939C /* empty_button_small.png */ = {isa = PBXFileReference; lastKnownFileType = image.png; path = empty_button_small.png; sourceTree = "<group>"; };
		792502C9250727BF004283D5 /* LoginApplication.app */ = {isa = PBXFileReference; explicitFileType = wrapper.application; includeInIndex = 0; path = LoginApplication.app; sourceTree = BUILT_PRODUCTS_DIR; };
		792502CC250727BF004283D5 /* AppDelegate.h */ = {isa = PBXFileReference; lastKnownFileType = sourcecode.c.h; path = AppDelegate.h; sourceTree = "<group>"; };
		792502CD250727BF004283D5 /* AppDelegate.m */ = {isa = PBXFileReference; lastKnownFileType = sourcecode.c.objc; path = AppDelegate.m; sourceTree = "<group>"; };
		792502CF250727BF004283D5 /* SceneDelegate.h */ = {isa = PBXFileReference; lastKnownFileType = sourcecode.c.h; path = SceneDelegate.h; sourceTree = "<group>"; };
		792502D0250727BF004283D5 /* SceneDelegate.m */ = {isa = PBXFileReference; lastKnownFileType = sourcecode.c.objc; path = SceneDelegate.m; sourceTree = "<group>"; };
		792502D2250727BF004283D5 /* FirstViewController.h */ = {isa = PBXFileReference; lastKnownFileType = sourcecode.c.h; path = FirstViewController.h; sourceTree = "<group>"; };
		792502D3250727BF004283D5 /* FirstViewController.m */ = {isa = PBXFileReference; lastKnownFileType = sourcecode.c.objc; path = FirstViewController.m; sourceTree = "<group>"; };
		792502D6250727BF004283D5 /* Base */ = {isa = PBXFileReference; lastKnownFileType = file.storyboard; name = Base; path = Base.lproj/Main.storyboard; sourceTree = "<group>"; };
		792502D9250727BF004283D5 /* LoginApplication.xcdatamodel */ = {isa = PBXFileReference; lastKnownFileType = wrapper.xcdatamodel; path = LoginApplication.xcdatamodel; sourceTree = "<group>"; };
		792502DB250727D9004283D5 /* Assets.xcassets */ = {isa = PBXFileReference; lastKnownFileType = folder.assetcatalog; path = Assets.xcassets; sourceTree = "<group>"; };
		792502DE250727D9004283D5 /* Base */ = {isa = PBXFileReference; lastKnownFileType = file.storyboard; name = Base; path = Base.lproj/LaunchScreen.storyboard; sourceTree = "<group>"; };
		792502E0250727D9004283D5 /* Info.plist */ = {isa = PBXFileReference; lastKnownFileType = text.plist.xml; path = Info.plist; sourceTree = "<group>"; };
		792502E1250727D9004283D5 /* main.m */ = {isa = PBXFileReference; lastKnownFileType = sourcecode.c.objc; path = main.m; sourceTree = "<group>"; };
		792502E7250727DA004283D5 /* LoginApplicationTests.xctest */ = {isa = PBXFileReference; explicitFileType = wrapper.cfbundle; includeInIndex = 0; path = LoginApplicationTests.xctest; sourceTree = BUILT_PRODUCTS_DIR; };
		792502EB250727DA004283D5 /* LoginApplicationTests.m */ = {isa = PBXFileReference; lastKnownFileType = sourcecode.c.objc; path = LoginApplicationTests.m; sourceTree = "<group>"; };
		792502ED250727DA004283D5 /* Info.plist */ = {isa = PBXFileReference; lastKnownFileType = text.plist.xml; path = Info.plist; sourceTree = "<group>"; };
		792502F2250727DA004283D5 /* LoginApplicationUITests.xctest */ = {isa = PBXFileReference; explicitFileType = wrapper.cfbundle; includeInIndex = 0; path = LoginApplicationUITests.xctest; sourceTree = BUILT_PRODUCTS_DIR; };
		792502F6250727DA004283D5 /* LoginApplicationUITests.m */ = {isa = PBXFileReference; lastKnownFileType = sourcecode.c.objc; path = LoginApplicationUITests.m; sourceTree = "<group>"; };
		792502F8250727DA004283D5 /* Info.plist */ = {isa = PBXFileReference; lastKnownFileType = text.plist.xml; path = Info.plist; sourceTree = "<group>"; };
		79FF81062521A0E80003FADE /* SecondVC.m */ = {isa = PBXFileReference; lastKnownFileType = sourcecode.c.objc; path = SecondVC.m; sourceTree = "<group>"; };
		79FF81082521A1090003FADE /* SecondVC.h */ = {isa = PBXFileReference; lastKnownFileType = sourcecode.c.h; path = SecondVC.h; sourceTree = "<group>"; };
		79FF81092521A39E0003FADE /* empty_square_button.png */ = {isa = PBXFileReference; lastKnownFileType = image.png; path = empty_square_button.png; sourceTree = "<group>"; };
		79FFE62C250DFEEE00DD0249 /* splash.png */ = {isa = PBXFileReference; lastKnownFileType = image.png; path = splash.png; sourceTree = "<group>"; };
		79FFE62F250E070B00DD0249 /* home_bg.png */ = {isa = PBXFileReference; lastKnownFileType = image.png; path = home_bg.png; sourceTree = "<group>"; };
/* End PBXFileReference section */

/* Begin PBXFrameworksBuildPhase section */
		792502C6250727BF004283D5 /* Frameworks */ = {
			isa = PBXFrameworksBuildPhase;
			buildActionMask = 2147483647;
			files = (
			);
			runOnlyForDeploymentPostprocessing = 0;
		};
		792502E4250727DA004283D5 /* Frameworks */ = {
			isa = PBXFrameworksBuildPhase;
			buildActionMask = 2147483647;
			files = (
			);
			runOnlyForDeploymentPostprocessing = 0;
		};
		792502EF250727DA004283D5 /* Frameworks */ = {
			isa = PBXFrameworksBuildPhase;
			buildActionMask = 2147483647;
			files = (
			);
			runOnlyForDeploymentPostprocessing = 0;
		};
/* End PBXFrameworksBuildPhase section */

/* Begin PBXGroup section */
		792502C0250727BE004283D5 = {
			isa = PBXGroup;
			children = (
				792502CB250727BF004283D5 /* LoginApplication */,
				792502EA250727DA004283D5 /* LoginApplicationTests */,
				792502F5250727DA004283D5 /* LoginApplicationUITests */,
				792502CA250727BF004283D5 /* Products */,
			);
			sourceTree = "<group>";
		};
		792502CA250727BF004283D5 /* Products */ = {
			isa = PBXGroup;
			children = (
				792502C9250727BF004283D5 /* LoginApplication.app */,
				792502E7250727DA004283D5 /* LoginApplicationTests.xctest */,
				792502F2250727DA004283D5 /* LoginApplicationUITests.xctest */,
			);
			name = Products;
			sourceTree = "<group>";
		};
		792502CB250727BF004283D5 /* LoginApplication */ = {
			isa = PBXGroup;
			children = (
				792502CC250727BF004283D5 /* AppDelegate.h */,
				792502CD250727BF004283D5 /* AppDelegate.m */,
				792502CF250727BF004283D5 /* SceneDelegate.h */,
				7915091B250F06D9006B939C /* empty_button_small.png */,
				79FFE62F250E070B00DD0249 /* home_bg.png */,
				79FFE62C250DFEEE00DD0249 /* splash.png */,
				79FF81092521A39E0003FADE /* empty_square_button.png */,
				79144400250B34D3006CF82C /* home_screen.png */,
				792502D0250727BF004283D5 /* SceneDelegate.m */,
				79FF81062521A0E80003FADE /* SecondVC.m */,
				79FF81082521A1090003FADE /* SecondVC.h */,
				792502D2250727BF004283D5 /* FirstViewController.h */,
				792502D3250727BF004283D5 /* FirstViewController.m */,
				792502D5250727BF004283D5 /* Main.storyboard */,
				792502DB250727D9004283D5 /* Assets.xcassets */,
				792502DD250727D9004283D5 /* LaunchScreen.storyboard */,
				792502E0250727D9004283D5 /* Info.plist */,
				792502E1250727D9004283D5 /* main.m */,
				792502D8250727BF004283D5 /* LoginApplication.xcdatamodeld */,
			);
			path = LoginApplication;
			sourceTree = "<group>";
		};
		792502EA250727DA004283D5 /* LoginApplicationTests */ = {
			isa = PBXGroup;
			children = (
				792502EB250727DA004283D5 /* LoginApplicationTests.m */,
				792502ED250727DA004283D5 /* Info.plist */,
			);
			path = LoginApplicationTests;
			sourceTree = "<group>";
		};
		792502F5250727DA004283D5 /* LoginApplicationUITests */ = {
			isa = PBXGroup;
			children = (
				792502F6250727DA004283D5 /* LoginApplicationUITests.m */,
				792502F8250727DA004283D5 /* Info.plist */,
			);
			path = LoginApplicationUITests;
			sourceTree = "<group>";
		};
/* End PBXGroup section */

/* Begin PBXNativeTarget section */
		792502C8250727BF004283D5 /* LoginApplication */ = {
			isa = PBXNativeTarget;
			buildConfigurationList = 792502FB250727DA004283D5 /* Build configuration list for PBXNativeTarget "LoginApplication" */;
			buildPhases = (
				792502C5250727BF004283D5 /* Sources */,
				792502C6250727BF004283D5 /* Frameworks */,
				792502C7250727BF004283D5 /* Resources */,
			);
			buildRules = (
			);
			dependencies = (
			);
			name = LoginApplication;
			productName = LoginApplication;
			productReference = 792502C9250727BF004283D5 /* LoginApplication.app */;
			productType = "com.apple.product-type.application";
		};
		792502E6250727DA004283D5 /* LoginApplicationTests */ = {
			isa = PBXNativeTarget;
			buildConfigurationList = 792502FE250727DA004283D5 /* Build configuration list for PBXNativeTarget "LoginApplicationTests" */;
			buildPhases = (
				792502E3250727DA004283D5 /* Sources */,
				792502E4250727DA004283D5 /* Frameworks */,
				792502E5250727DA004283D5 /* Resources */,
			);
			buildRules = (
			);
			dependencies = (
				792502E9250727DA004283D5 /* PBXTargetDependency */,
			);
			name = LoginApplicationTests;
			productName = LoginApplicationTests;
			productReference = 792502E7250727DA004283D5 /* LoginApplicationTests.xctest */;
			productType = "com.apple.product-type.bundle.unit-test";
		};
		792502F1250727DA004283D5 /* LoginApplicationUITests */ = {
			isa = PBXNativeTarget;
			buildConfigurationList = 79250301250727DA004283D5 /* Build configuration list for PBXNativeTarget "LoginApplicationUITests" */;
			buildPhases = (
				792502EE250727DA004283D5 /* Sources */,
				792502EF250727DA004283D5 /* Frameworks */,
				792502F0250727DA004283D5 /* Resources */,
			);
			buildRules = (
			);
			dependencies = (
				792502F4250727DA004283D5 /* PBXTargetDependency */,
			);
			name = LoginApplicationUITests;
			productName = LoginApplicationUITests;
			productReference = 792502F2250727DA004283D5 /* LoginApplicationUITests.xctest */;
			productType = "com.apple.product-type.bundle.ui-testing";
		};
/* End PBXNativeTarget section */

/* Begin PBXProject section */
		792502C1250727BE004283D5 /* Project object */ = {
			isa = PBXProject;
			attributes = {
				LastUpgradeCheck = 1170;
				ORGANIZATIONNAME = com.jericho;
				TargetAttributes = {
					792502C8250727BF004283D5 = {
						CreatedOnToolsVersion = 11.7;
					};
					792502E6250727DA004283D5 = {
						CreatedOnToolsVersion = 11.7;
						TestTargetID = 792502C8250727BF004283D5;
					};
					792502F1250727DA004283D5 = {
						CreatedOnToolsVersion = 11.7;
						TestTargetID = 792502C8250727BF004283D5;
					};
				};
			};
			buildConfigurationList = 792502C4250727BE004283D5 /* Build configuration list for PBXProject "LoginApplication" */;
			compatibilityVersion = "Xcode 9.3";
			developmentRegion = en;
			hasScannedForEncodings = 0;
			knownRegions = (
				en,
				Base,
			);
			mainGroup = 792502C0250727BE004283D5;
			productRefGroup = 792502CA250727BF004283D5 /* Products */;
			projectDirPath = "";
			projectRoot = "";
			targets = (
				792502C8250727BF004283D5 /* LoginApplication */,
				792502E6250727DA004283D5 /* LoginApplicationTests */,
				792502F1250727DA004283D5 /* LoginApplicationUITests */,
			);
		};
/* End PBXProject section */

/* Begin PBXResourcesBuildPhase section */
		792502C7250727BF004283D5 /* Resources */ = {
			isa = PBXResourcesBuildPhase;
			buildActionMask = 2147483647;
			files = (
				792502DF250727D9004283D5 /* LaunchScreen.storyboard in Resources */,
				79FFE630250E070C00DD0249 /* home_bg.png in Resources */,
				792502DC250727D9004283D5 /* Assets.xcassets in Resources */,
				792502D7250727BF004283D5 /* Main.storyboard in Resources */,
				79FF810A2521A39F0003FADE /* empty_square_button.png in Resources */,
				79FFE62D250DFEEE00DD0249 /* splash.png in Resources */,
				79144401250B34D3006CF82C /* home_screen.png in Resources */,
				7915091C250F06DA006B939C /* empty_button_small.png in Resources */,
			);
			runOnlyForDeploymentPostprocessing = 0;
		};
		792502E5250727DA004283D5 /* Resources */ = {
			isa = PBXResourcesBuildPhase;
			buildActionMask = 2147483647;
			files = (
			);
			runOnlyForDeploymentPostprocessing = 0;
		};
		792502F0250727DA004283D5 /* Resources */ = {
			isa = PBXResourcesBuildPhase;
			buildActionMask = 2147483647;
			files = (
			);
			runOnlyForDeploymentPostprocessing = 0;
		};
/* End PBXResourcesBuildPhase section */

/* Begin PBXSourcesBuildPhase section */
		792502C5250727BF004283D5 /* Sources */ = {
			isa = PBXSourcesBuildPhase;
			buildActionMask = 2147483647;
			files = (
				792502E2250727D9004283D5 /* main.m in Sources */,
				792502D4250727BF004283D5 /* FirstViewController.m in Sources */,
				792502CE250727BF004283D5 /* AppDelegate.m in Sources */,
				792502DA250727BF004283D5 /* LoginApplication.xcdatamodeld in Sources */,
				79FF81072521A0E80003FADE /* SecondVC.m in Sources */,
				792502D1250727BF004283D5 /* SceneDelegate.m in Sources */,
			);
			runOnlyForDeploymentPostprocessing = 0;
		};
		792502E3250727DA004283D5 /* Sources */ = {
			isa = PBXSourcesBuildPhase;
			buildActionMask = 2147483647;
			files = (
				792502EC250727DA004283D5 /* LoginApplicationTests.m in Sources */,
			);
			runOnlyForDeploymentPostprocessing = 0;
		};
		792502EE250727DA004283D5 /* Sources */ = {
			isa = PBXSourcesBuildPhase;
			buildActionMask = 2147483647;
			files = (
				792502F7250727DA004283D5 /* LoginApplicationUITests.m in Sources */,
			);
			runOnlyForDeploymentPostprocessing = 0;
		};
/* End PBXSourcesBuildPhase section */

/* Begin PBXTargetDependency section */
		792502E9250727DA004283D5 /* PBXTargetDependency */ = {
			isa = PBXTargetDependency;
			target = 792502C8250727BF004283D5 /* LoginApplication */;
			targetProxy = 792502E8250727DA004283D5 /* PBXContainerItemProxy */;
		};
		792502F4250727DA004283D5 /* PBXTargetDependency */ = {
			isa = PBXTargetDependency;
			target = 792502C8250727BF004283D5 /* LoginApplication */;
			targetProxy = 792502F3250727DA004283D5 /* PBXContainerItemProxy */;
		};
/* End PBXTargetDependency section */

/* Begin PBXVariantGroup section */
		792502D5250727BF004283D5 /* Main.storyboard */ = {
			isa = PBXVariantGroup;
			children = (
				792502D6250727BF004283D5 /* Base */,
			);
			name = Main.storyboard;
			sourceTree = "<group>";
		};
		792502DD250727D9004283D5 /* LaunchScreen.storyboard */ = {
			isa = PBXVariantGroup;
			children = (
				792502DE250727D9004283D5 /* Base */,
			);
			name = LaunchScreen.storyboard;
			sourceTree = "<group>";
		};
/* End PBXVariantGroup section */

/* Begin XCBuildConfiguration section */
		792502F9250727DA004283D5 /* Debug */ = {
			isa = XCBuildConfiguration;
			buildSettings = {
				ALWAYS_SEARCH_USER_PATHS = NO;
				CLANG_ANALYZER_NONNULL = YES;
				CLANG_ANALYZER_NUMBER_OBJECT_CONVERSION = YES_AGGRESSIVE;
				CLANG_CXX_LANGUAGE_STANDARD = "gnu++14";
				CLANG_CXX_LIBRARY = "libc++";
				CLANG_ENABLE_MODULES = YES;
				CLANG_ENABLE_OBJC_ARC = YES;
				CLANG_ENABLE_OBJC_WEAK = YES;
				CLANG_WARN_BLOCK_CAPTURE_AUTORELEASING = YES;
				CLANG_WARN_BOOL_CONVERSION = YES;
				CLANG_WARN_COMMA = YES;
				CLANG_WARN_CONSTANT_CONVERSION = YES;
				CLANG_WARN_DEPRECATED_OBJC_IMPLEMENTATIONS = YES;
				CLANG_WARN_DIRECT_OBJC_ISA_USAGE = YES_ERROR;
				CLANG_WARN_DOCUMENTATION_COMMENTS = YES;
				CLANG_WARN_EMPTY_BODY = YES;
				CLANG_WARN_ENUM_CONVERSION = YES;
				CLANG_WARN_INFINITE_RECURSION = YES;
				CLANG_WARN_INT_CONVERSION = YES;
				CLANG_WARN_NON_LITERAL_NULL_CONVERSION = YES;
				CLANG_WARN_OBJC_IMPLICIT_RETAIN_SELF = YES;
				CLANG_WARN_OBJC_LITERAL_CONVERSION = YES;
				CLANG_WARN_OBJC_ROOT_CLASS = YES_ERROR;
				CLANG_WARN_RANGE_LOOP_ANALYSIS = YES;
				CLANG_WARN_STRICT_PROTOTYPES = YES;
				CLANG_WARN_SUSPICIOUS_MOVE = YES;
				CLANG_WARN_UNGUARDED_AVAILABILITY = YES_AGGRESSIVE;
				CLANG_WARN_UNREACHABLE_CODE = YES;
				CLANG_WARN__DUPLICATE_METHOD_MATCH = YES;
				COPY_PHASE_STRIP = NO;
				DEBUG_INFORMATION_FORMAT = dwarf;
				ENABLE_STRICT_OBJC_MSGSEND = YES;
				ENABLE_TESTABILITY = YES;
				GCC_C_LANGUAGE_STANDARD = gnu11;
				GCC_DYNAMIC_NO_PIC = NO;
				GCC_NO_COMMON_BLOCKS = YES;
				GCC_OPTIMIZATION_LEVEL = 0;
				GCC_PREPROCESSOR_DEFINITIONS = (
					"DEBUG=1",
					"$(inherited)",
				);
				GCC_WARN_64_TO_32_BIT_CONVERSION = YES;
				GCC_WARN_ABOUT_RETURN_TYPE = YES_ERROR;
				GCC_WARN_UNDECLARED_SELECTOR = YES;
				GCC_WARN_UNINITIALIZED_AUTOS = YES_AGGRESSIVE;
				GCC_WARN_UNUSED_FUNCTION = YES;
				GCC_WARN_UNUSED_VARIABLE = YES;
				IPHONEOS_DEPLOYMENT_TARGET = 8.0;
				MTL_ENABLE_DEBUG_INFO = INCLUDE_SOURCE;
				MTL_FAST_MATH = YES;
				ONLY_ACTIVE_ARCH = YES;
				SDKROOT = iphoneos;
			};
			name = Debug;
		};
		792502FA250727DA004283D5 /* Release */ = {
			isa = XCBuildConfiguration;
			buildSettings = {
				ALWAYS_SEARCH_USER_PATHS = NO;
				CLANG_ANALYZER_NONNULL = YES;
				CLANG_ANALYZER_NUMBER_OBJECT_CONVERSION = YES_AGGRESSIVE;
				CLANG_CXX_LANGUAGE_STANDARD = "gnu++14";
				CLANG_CXX_LIBRARY = "libc++";
				CLANG_ENABLE_MODULES = YES;
				CLANG_ENABLE_OBJC_ARC = YES;
				CLANG_ENABLE_OBJC_WEAK = YES;
				CLANG_WARN_BLOCK_CAPTURE_AUTORELEASING = YES;
				CLANG_WARN_BOOL_CONVERSION = YES;
				CLANG_WARN_COMMA = YES;
				CLANG_WARN_CONSTANT_CONVERSION = YES;
				CLANG_WARN_DEPRECATED_OBJC_IMPLEMENTATIONS = YES;
				CLANG_WARN_DIRECT_OBJC_ISA_USAGE = YES_ERROR;
				CLANG_WARN_DOCUMENTATION_COMMENTS = YES;
				CLANG_WARN_EMPTY_BODY = YES;
				CLANG_WARN_ENUM_CONVERSION = YES;
				CLANG_WARN_INFINITE_RECURSION = YES;
				CLANG_WARN_INT_CONVERSION = YES;
				CLANG_WARN_NON_LITERAL_NULL_CONVERSION = YES;
				CLANG_WARN_OBJC_IMPLICIT_RETAIN_SELF = YES;
				CLANG_WARN_OBJC_LITERAL_CONVERSION = YES;
				CLANG_WARN_OBJC_ROOT_CLASS = YES_ERROR;
				CLANG_WARN_RANGE_LOOP_ANALYSIS = YES;
				CLANG_WARN_STRICT_PROTOTYPES = YES;
				CLANG_WARN_SUSPICIOUS_MOVE = YES;
				CLANG_WARN_UNGUARDED_AVAILABILITY = YES_AGGRESSIVE;
				CLANG_WARN_UNREACHABLE_CODE = YES;
				CLANG_WARN__DUPLICATE_METHOD_MATCH = YES;
				COPY_PHASE_STRIP = NO;
				DEBUG_INFORMATION_FORMAT = "dwarf-with-dsym";
				ENABLE_NS_ASSERTIONS = NO;
				ENABLE_STRICT_OBJC_MSGSEND = YES;
				GCC_C_LANGUAGE_STANDARD = gnu11;
				GCC_NO_COMMON_BLOCKS = YES;
				GCC_WARN_64_TO_32_BIT_CONVERSION = YES;
				GCC_WARN_ABOUT_RETURN_TYPE = YES_ERROR;
				GCC_WARN_UNDECLARED_SELECTOR = YES;
				GCC_WARN_UNINITIALIZED_AUTOS = YES_AGGRESSIVE;
				GCC_WARN_UNUSED_FUNCTION = YES;
				GCC_WARN_UNUSED_VARIABLE = YES;
				IPHONEOS_DEPLOYMENT_TARGET = 8.0;
				MTL_ENABLE_DEBUG_INFO = NO;
				MTL_FAST_MATH = YES;
				SDKROOT = iphoneos;
				VALIDATE_PRODUCT = YES;
			};
			name = Release;
		};
		792502FC250727DA004283D5 /* Debug */ = {
			isa = XCBuildConfiguration;
			buildSettings = {
				ASSETCATALOG_COMPILER_APPICON_NAME = AppIcon;
				CODE_SIGN_STYLE = Automatic;
				INFOPLIST_FILE = LoginApplication/Info.plist;
				IPHONEOS_DEPLOYMENT_TARGET = 13.7;
				LD_RUNPATH_SEARCH_PATHS = (
					"$(inherited)",
					"@executable_path/Frameworks",
				);
				PRODUCT_BUNDLE_IDENTIFIER = com.jericho.LoginApplication.LoginApplication;
				PRODUCT_NAME = "$(TARGET_NAME)";
				TARGETED_DEVICE_FAMILY = "1,2";
			};
			name = Debug;
		};
		792502FD250727DA004283D5 /* Release */ = {
			isa = XCBuildConfiguration;
			buildSettings = {
				ASSETCATALOG_COMPILER_APPICON_NAME = AppIcon;
				CODE_SIGN_STYLE = Automatic;
				INFOPLIST_FILE = LoginApplication/Info.plist;
				IPHONEOS_DEPLOYMENT_TARGET = 13.7;
				LD_RUNPATH_SEARCH_PATHS = (
					"$(inherited)",
					"@executable_path/Frameworks",
				);
				PRODUCT_BUNDLE_IDENTIFIER = com.jericho.LoginApplication.LoginApplication;
				PRODUCT_NAME = "$(TARGET_NAME)";
				TARGETED_DEVICE_FAMILY = "1,2";
			};
			name = Release;
		};
		792502FF250727DA004283D5 /* Debug */ = {
			isa = XCBuildConfiguration;
			buildSettings = {
				BUNDLE_LOADER = "$(TEST_HOST)";
				CODE_SIGN_STYLE = Automatic;
				INFOPLIST_FILE = LoginApplicationTests/Info.plist;
				IPHONEOS_DEPLOYMENT_TARGET = 13.7;
				LD_RUNPATH_SEARCH_PATHS = (
					"$(inherited)",
					"@executable_path/Frameworks",
					"@loader_path/Frameworks",
				);
				PRODUCT_BUNDLE_IDENTIFIER = com.jericho.LoginApplication.LoginApplicationTests;
				PRODUCT_NAME = "$(TARGET_NAME)";
				TARGETED_DEVICE_FAMILY = "1,2";
				TEST_HOST = "$(BUILT_PRODUCTS_DIR)/LoginApplication.app/LoginApplication";
			};
			name = Debug;
		};
		79250300250727DA004283D5 /* Release */ = {
			isa = XCBuildConfiguration;
			buildSettings = {
				BUNDLE_LOADER = "$(TEST_HOST)";
				CODE_SIGN_STYLE = Automatic;
				INFOPLIST_FILE = LoginApplicationTests/Info.plist;
				IPHONEOS_DEPLOYMENT_TARGET = 13.7;
				LD_RUNPATH_SEARCH_PATHS = (
					"$(inherited)",
					"@executable_path/Frameworks",
					"@loader_path/Frameworks",
				);
				PRODUCT_BUNDLE_IDENTIFIER = com.jericho.LoginApplication.LoginApplicationTests;
				PRODUCT_NAME = "$(TARGET_NAME)";
				TARGETED_DEVICE_FAMILY = "1,2";
				TEST_HOST = "$(BUILT_PRODUCTS_DIR)/LoginApplication.app/LoginApplication";
			};
			name = Release;
		};
		79250302250727DA004283D5 /* Debug */ = {
			isa = XCBuildConfiguration;
			buildSettings = {
				CODE_SIGN_STYLE = Automatic;
				INFOPLIST_FILE = LoginApplicationUITests/Info.plist;
				LD_RUNPATH_SEARCH_PATHS = (
					"$(inherited)",
					"@executable_path/Frameworks",
					"@loader_path/Frameworks",
				);
				PRODUCT_BUNDLE_IDENTIFIER = com.jericho.LoginApplication.LoginApplicationUITests;
				PRODUCT_NAME = "$(TARGET_NAME)";
				TARGETED_DEVICE_FAMILY = "1,2";
				TEST_TARGET_NAME = LoginApplication;
			};
			name = Debug;
		};
		79250303250727DA004283D5 /* Release */ = {
			isa = XCBuildConfiguration;
			buildSettings = {
				CODE_SIGN_STYLE = Automatic;
				INFOPLIST_FILE = LoginApplicationUITests/Info.plist;
				LD_RUNPATH_SEARCH_PATHS = (
					"$(inherited)",
					"@executable_path/Frameworks",
					"@loader_path/Frameworks",
				);
				PRODUCT_BUNDLE_IDENTIFIER = com.jericho.LoginApplication.LoginApplicationUITests;
				PRODUCT_NAME = "$(TARGET_NAME)";
				TARGETED_DEVICE_FAMILY = "1,2";
				TEST_TARGET_NAME = LoginApplication;
			};
			name = Release;
		};
/* End XCBuildConfiguration section */

/* Begin XCConfigurationList section */
		792502C4250727BE004283D5 /* Build configuration list for PBXProject "LoginApplication" */ = {
			isa = XCConfigurationList;
			buildConfigurations = (
				792502F9250727DA004283D5 /* Debug */,
				792502FA250727DA004283D5 /* Release */,
			);
			defaultConfigurationIsVisible = 0;
			defaultConfigurationName = Release;
		};
		792502FB250727DA004283D5 /* Build configuration list for PBXNativeTarget "LoginApplication" */ = {
			isa = XCConfigurationList;
			buildConfigurations = (
				792502FC250727DA004283D5 /* Debug */,
				792502FD250727DA004283D5 /* Release */,
			);
			defaultConfigurationIsVisible = 0;
			defaultConfigurationName = Release;
		};
		792502FE250727DA004283D5 /* Build configuration list for PBXNativeTarget "LoginApplicationTests" */ = {
			isa = XCConfigurationList;
			buildConfigurations = (
				792502FF250727DA004283D5 /* Debug */,
				79250300250727DA004283D5 /* Release */,
			);
			defaultConfigurationIsVisible = 0;
			defaultConfigurationName = Release;
		};
		79250301250727DA004283D5 /* Build configuration list for PBXNativeTarget "LoginApplicationUITests" */ = {
			isa = XCConfigurationList;
			buildConfigurations = (
				79250302250727DA004283D5 /* Debug */,
				79250303250727DA004283D5 /* Release */,
			);
			defaultConfigurationIsVisible = 0;
			defaultConfigurationName = Release;
		};
/* End XCConfigurationList section */

/* Begin XCVersionGroup section */
		792502D8250727BF004283D5 /* LoginApplication.xcdatamodeld */ = {
			isa = XCVersionGroup;
			children = (
				792502D9250727BF004283D5 /* LoginApplication.xcdatamodel */,
			);
			currentVersion = 792502D9250727BF004283D5 /* LoginApplication.xcdatamodel */;
			path = LoginApplication.xcdatamodeld;
			sourceTree = "<group>";
			versionGroupType = wrapper.xcdatamodel;
		};
/* End XCVersionGroup section */
	};
	rootObject = 792502C1250727BE004283D5 /* Project object */;
}
